
Microsoft Visual Studio Solution File, Format Version 12.00
# Visual Studio Version 16
VisualStudioVersion = 16.0.31515.178
MinimumVisualStudioVersion = 10.0.40219.1
Project("{888888A0-9F3D-457C-B088-3A5042F75D52}") = "CIS261ProjectPhase1", "CIS261ProjectPhase1.pyproj", "{E62A1434-6F18-49BE-B6A8-2CB8CE2A8ABB}"
EndProject
Global
	GlobalSection(SolutionConfigurationPlatforms) = preSolution
		Debug|Any CPU = Debug|Any CPU
		Release|Any CPU = Release|Any CPU
	EndGlobalSection
	GlobalSection(ProjectConfigurationPlatforms) = postSolution
		{E62A1434-6F18-49BE-B6A8-2CB8CE2A8ABB}.Debug|Any CPU.ActiveCfg = Debug|Any CPU
		{E62A1434-6F18-49BE-B6A8-2CB8CE2A8ABB}.Release|Any CPU.ActiveCfg = Release|Any CPU
	EndGlobalSection
	GlobalSection(SolutionProperties) = preSolution
		HideSolutionNode = FALSE
	EndGlobalSection
	GlobalSection(ExtensibilityGlobals) = postSolution
		SolutionGuid = {AABC0ADB-F90F-429B-BEFB-430D501EA5F5}
	EndGlobalSection
EndGlobal
